
Microsoft Visual Studio Solution File, Format Version 12.00
# Visual Studio 15
VisualStudioVersion = 15.0.28010.2036
MinimumVisualStudioVersion = 10.0.40219.1
Project("{8BC9CEB8-8B4A-11D0-8D11-00A0C91BC942}") = "3", "3\3.vcxproj", "{6B72E147-4B54-488D-8921-539789DB28BE}"
EndProject
Project("{8BC9CEB8-8B4A-11D0-8D11-00A0C91BC942}") = "15", "15\15.vcxproj", "{9A3D33B6-0D06-424C-B642-5ABFE472E096}"
EndProject
Project("{8BC9CEB8-8B4A-11D0-8D11-00A0C91BC942}") = "27", "27\27.vcxproj", "{46287C50-006A-48E1-86CC-453F83ACC39D}"
EndProject
Project("{8BC9CEB8-8B4A-11D0-8D11-00A0C91BC942}") = "39", "39\39.vcxproj", "{A4646201-E746-46A8-AEF8-1EA2E6D8414A}"
EndProject
Project("{8BC9CEB8-8B4A-11D0-8D11-00A0C91BC942}") = "2_11", "2_11\2_11.vcxproj", "{D5C148FF-F269-4E5E-937C-DE466115DB8D}"
EndProject
Project("{8BC9CEB8-8B4A-11D0-8D11-00A0C91BC942}") = "2_23", "2_23\2_23.vcxproj", "{8E83683D-110A-4D77-97C7-DE7922F06741}"
EndProject
Project("{8BC9CEB8-8B4A-11D0-8D11-00A0C91BC942}") = "3_5", "3_5\3_5.vcxproj", "{96C88E19-922B-453D-B06A-00430BF99186}"
EndProject
Project("{8BC9CEB8-8B4A-11D0-8D11-00A0C91BC942}") = "3_17", "3_17\3_17.vcxproj", "{797CA4A0-53C1-450E-A8AE-B8AB09783859}"
EndProject
Project("{8BC9CEB8-8B4A-11D0-8D11-00A0C91BC942}") = "3_29", "3_29\3_29.vcxproj", "{82B96748-7C42-4FA6-B697-DF1132DF8C51}"
EndProject
Project("{8BC9CEB8-8B4A-11D0-8D11-00A0C91BC942}") = "3_40", "3_40\3_40.vcxproj", "{13BB2C88-814D-4501-B0BB-9736701C671A}"
EndProject
Global
	GlobalSection(SolutionConfigurationPlatforms) = preSolution
		Debug|x64 = Debug|x64
		Debug|x86 = Debug|x86
		Release|x64 = Release|x64
		Release|x86 = Release|x86
	EndGlobalSection
	GlobalSection(ProjectConfigurationPlatforms) = postSolution
		{6B72E147-4B54-488D-8921-539789DB28BE}.Debug|x64.ActiveCfg = Debug|x64
		{6B72E147-4B54-488D-8921-539789DB28BE}.Debug|x64.Build.0 = Debug|x64
		{6B72E147-4B54-488D-8921-539789DB28BE}.Debug|x86.ActiveCfg = Debug|Win32
		{6B72E147-4B54-488D-8921-539789DB28BE}.Debug|x86.Build.0 = Debug|Win32
		{6B72E147-4B54-488D-8921-539789DB28BE}.Release|x64.ActiveCfg = Release|x64
		{6B72E147-4B54-488D-8921-539789DB28BE}.Release|x64.Build.0 = Release|x64
		{6B72E147-4B54-488D-8921-539789DB28BE}.Release|x86.ActiveCfg = Release|Win32
		{6B72E147-4B54-488D-8921-539789DB28BE}.Release|x86.Build.0 = Release|Win32
		{9A3D33B6-0D06-424C-B642-5ABFE472E096}.Debug|x64.ActiveCfg = Debug|x64
		{9A3D33B6-0D06-424C-B642-5ABFE472E096}.Debug|x64.Build.0 = Debug|x64
		{9A3D33B6-0D06-424C-B642-5ABFE472E096}.Debug|x86.ActiveCfg = Debug|Win32
		{9A3D33B6-0D06-424C-B642-5ABFE472E096}.Debug|x86.Build.0 = Debug|Win32
		{9A3D33B6-0D06-424C-B642-5ABFE472E096}.Release|x64.ActiveCfg = Release|x64
		{9A3D33B6-0D06-424C-B642-5ABFE472E096}.Release|x64.Build.0 = Release|x64
		{9A3D33B6-0D06-424C-B642-5ABFE472E096}.Release|x86.ActiveCfg = Release|Win32
		{9A3D33B6-0D06-424C-B642-5ABFE472E096}.Release|x86.Build.0 = Release|Win32
		{46287C50-006A-48E1-86CC-453F83ACC39D}.Debug|x64.ActiveCfg = Debug|x64
		{46287C50-006A-48E1-86CC-453F83ACC39D}.Debug|x64.Build.0 = Debug|x64
		{46287C50-006A-48E1-86CC-453F83ACC39D}.Debug|x86.ActiveCfg = Debug|Win32
		{46287C50-006A-48E1-86CC-453F83ACC39D}.Debug|x86.Build.0 = Debug|Win32
		{46287C50-006A-48E1-86CC-453F83ACC39D}.Release|x64.ActiveCfg = Release|x64
		{46287C50-006A-48E1-86CC-453F83ACC39D}.Release|x64.Build.0 = Release|x64
		{46287C50-006A-48E1-86CC-453F83ACC39D}.Release|x86.ActiveCfg = Release|Win32
		{46287C50-006A-48E1-86CC-453F83ACC39D}.Release|x86.Build.0 = Release|Win32
		{A4646201-E746-46A8-AEF8-1EA2E6D8414A}.Debug|x64.ActiveCfg = Debug|x64
		{A4646201-E746-46A8-AEF8-1EA2E6D8414A}.Debug|x64.Build.0 = Debug|x64
		{A4646201-E746-46A8-AEF8-1EA2E6D8414A}.Debug|x86.ActiveCfg = Debug|Win32
		{A4646201-E746-46A8-AEF8-1EA2E6D8414A}.Debug|x86.Build.0 = Debug|Win32
		{A4646201-E746-46A8-AEF8-1EA2E6D8414A}.Release|x64.ActiveCfg = Release|x64
		{A4646201-E746-46A8-AEF8-1EA2E6D8414A}.Release|x64.Build.0 = Release|x64
		{A4646201-E746-46A8-AEF8-1EA2E6D8414A}.Release|x86.ActiveCfg = Release|Win32
		{A4646201-E746-46A8-AEF8-1EA2E6D8414A}.Release|x86.Build.0 = Release|Win32
		{D5C148FF-F269-4E5E-937C-DE466115DB8D}.Debug|x64.ActiveCfg = Debug|x64
		{D5C148FF-F269-4E5E-937C-DE466115DB8D}.Debug|x64.Build.0 = Debug|x64
		{D5C148FF-F269-4E5E-937C-DE466115DB8D}.Debug|x86.ActiveCfg = Debug|Win32
		{D5C148FF-F269-4E5E-937C-DE466115DB8D}.Debug|x86.Build.0 = Debug|Win32
		{D5C148FF-F269-4E5E-937C-DE466115DB8D}.Release|x64.ActiveCfg = Release|x64
		{D5C148FF-F269-4E5E-937C-DE466115DB8D}.Release|x64.Build.0 = Release|x64
		{D5C148FF-F269-4E5E-937C-DE466115DB8D}.Release|x86.ActiveCfg = Release|Win32
		{D5C148FF-F269-4E5E-937C-DE466115DB8D}.Release|x86.Build.0 = Release|Win32
		{8E83683D-110A-4D77-97C7-DE7922F06741}.Debug|x64.ActiveCfg = Debug|x64
		{8E83683D-110A-4D77-97C7-DE7922F06741}.Debug|x64.Build.0 = Debug|x64
		{8E83683D-110A-4D77-97C7-DE7922F06741}.Debug|x86.ActiveCfg = Debug|Win32
		{8E83683D-110A-4D77-97C7-DE7922F06741}.Debug|x86.Build.0 = Debug|Win32
		{8E83683D-110A-4D77-97C7-DE7922F06741}.Release|x64.ActiveCfg = Release|x64
		{8E83683D-110A-4D77-97C7-DE7922F06741}.Release|x64.Build.0 = Release|x64
		{8E83683D-110A-4D77-97C7-DE7922F06741}.Release|x86.ActiveCfg = Release|Win32
		{8E83683D-110A-4D77-97C7-DE7922F06741}.Release|x86.Build.0 = Release|Win32
		{96C88E19-922B-453D-B06A-00430BF99186}.Debug|x64.ActiveCfg = Debug|x64
		{96C88E19-922B-453D-B06A-00430BF99186}.Debug|x64.Build.0 = Debug|x64
		{96C88E19-922B-453D-B06A-00430BF99186}.Debug|x86.ActiveCfg = Debug|Win32
		{96C88E19-922B-453D-B06A-00430BF99186}.Debug|x86.Build.0 = Debug|Win32
		{96C88E19-922B-453D-B06A-00430BF99186}.Release|x64.ActiveCfg = Release|x64
		{96C88E19-922B-453D-B06A-00430BF99186}.Release|x64.Build.0 = Release|x64
		{96C88E19-922B-453D-B06A-00430BF99186}.Release|x86.ActiveCfg = Release|Win32
		{96C88E19-922B-453D-B06A-00430BF99186}.Release|x86.Build.0 = Release|Win32
		{797CA4A0-53C1-450E-A8AE-B8AB09783859}.Debug|x64.ActiveCfg = Debug|x64
		{797CA4A0-53C1-450E-A8AE-B8AB09783859}.Debug|x64.Build.0 = Debug|x64
		{797CA4A0-53C1-450E-A8AE-B8AB09783859}.Debug|x86.ActiveCfg = Debug|Win32
		{797CA4A0-53C1-450E-A8AE-B8AB09783859}.Debug|x86.Build.0 = Debug|Win32
		{797CA4A0-53C1-450E-A8AE-B8AB09783859}.Release|x64.ActiveCfg = Release|x64
		{797CA4A0-53C1-450E-A8AE-B8AB09783859}.Release|x64.Build.0 = Release|x64
		{797CA4A0-53C1-450E-A8AE-B8AB09783859}.Release|x86.ActiveCfg = Release|Win32
		{797CA4A0-53C1-450E-A8AE-B8AB09783859}.Release|x86.Build.0 = Release|Win32
		{82B96748-7C42-4FA6-B697-DF1132DF8C51}.Debug|x64.ActiveCfg = Debug|x64
		{82B96748-7C42-4FA6-B697-DF1132DF8C51}.Debug|x64.Build.0 = Debug|x64
		{82B96748-7C42-4FA6-B697-DF1132DF8C51}.Debug|x86.ActiveCfg = Debug|Win32
		{82B96748-7C42-4FA6-B697-DF1132DF8C51}.Debug|x86.Build.0 = Debug|Win32
		{82B96748-7C42-4FA6-B697-DF1132DF8C51}.Release|x64.ActiveCfg = Release|x64
		{82B96748-7C42-4FA6-B697-DF1132DF8C51}.Release|x64.Build.0 = Release|x64
		{82B96748-7C42-4FA6-B697-DF1132DF8C51}.Release|x86.ActiveCfg = Release|Win32
		{82B96748-7C42-4FA6-B697-DF1132DF8C51}.Release|x86.Build.0 = Release|Win32
		{13BB2C88-814D-4501-B0BB-9736701C671A}.Debug|x64.ActiveCfg = Debug|x64
		{13BB2C88-814D-4501-B0BB-9736701C671A}.Debug|x64.Build.0 = Debug|x64
		{13BB2C88-814D-4501-B0BB-9736701C671A}.Debug|x86.ActiveCfg = Debug|Win32
		{13BB2C88-814D-4501-B0BB-9736701C671A}.Debug|x86.Build.0 = Debug|Win32
		{13BB2C88-814D-4501-B0BB-9736701C671A}.Release|x64.ActiveCfg = Release|x64
		{13BB2C88-814D-4501-B0BB-9736701C671A}.Release|x64.Build.0 = Release|x64
		{13BB2C88-814D-4501-B0BB-9736701C671A}.Release|x86.ActiveCfg = Release|Win32
		{13BB2C88-814D-4501-B0BB-9736701C671A}.Release|x86.Build.0 = Release|Win32
	EndGlobalSection
	GlobalSection(SolutionProperties) = preSolution
		HideSolutionNode = FALSE
	EndGlobalSection
	GlobalSection(ExtensibilityGlobals) = postSolution
		SolutionGuid = {E5FC105D-87AD-4351-BFC7-D260061967AC}
	EndGlobalSection
EndGlobal
