
Microsoft Visual Studio Solution File, Format Version 12.00
# Visual Studio 15
VisualStudioVersion = 15.0.28010.2048
MinimumVisualStudioVersion = 10.0.40219.1
Project("{8BC9CEB8-8B4A-11D0-8D11-00A0C91BC942}") = "ex4", "ex4\ex4.vcxproj", "{9EBB9569-049B-4F66-A885-4CE50649D7E9}"
EndProject
Project("{8BC9CEB8-8B4A-11D0-8D11-00A0C91BC942}") = "ex17", "ex17\ex17.vcxproj", "{2C9F713C-30D0-4D96-B594-F225CA12C989}"
EndProject
Project("{8BC9CEB8-8B4A-11D0-8D11-00A0C91BC942}") = "ex30", "ex30\ex30.vcxproj", "{97FC6AA7-A4DD-4743-BDAD-277E6CF37949}"
EndProject
Project("{8BC9CEB8-8B4A-11D0-8D11-00A0C91BC942}") = "test", "test\test.vcxproj", "{B0F54F30-E448-44F0-BD4E-84B8C21A4D7F}"
EndProject
Project("{8BC9CEB8-8B4A-11D0-8D11-00A0C91BC942}") = "ex43", "ex43\ex43.vcxproj", "{34A66556-C810-4151-9CFE-568C3E95FA0E}"
EndProject
Project("{8BC9CEB8-8B4A-11D0-8D11-00A0C91BC942}") = "ex56", "ex56\ex56.vcxproj", "{3D043902-7D68-45C7-B2F1-4DDCA4D698C6}"
EndProject
Project("{8BC9CEB8-8B4A-11D0-8D11-00A0C91BC942}") = "ex69", "ex69\ex69.vcxproj", "{7F1DC169-E714-4D23-8443-F819BA7BDECE}"
EndProject
Project("{8BC9CEB8-8B4A-11D0-8D11-00A0C91BC942}") = "ex82", "ex82\ex82.vcxproj", "{D2E2FFA1-A16E-4885-8E2F-BC478C52FF6C}"
EndProject
Global
	GlobalSection(SolutionConfigurationPlatforms) = preSolution
		Debug|x64 = Debug|x64
		Debug|x86 = Debug|x86
		Release|x64 = Release|x64
		Release|x86 = Release|x86
	EndGlobalSection
	GlobalSection(ProjectConfigurationPlatforms) = postSolution
		{9EBB9569-049B-4F66-A885-4CE50649D7E9}.Debug|x64.ActiveCfg = Debug|x64
		{9EBB9569-049B-4F66-A885-4CE50649D7E9}.Debug|x64.Build.0 = Debug|x64
		{9EBB9569-049B-4F66-A885-4CE50649D7E9}.Debug|x86.ActiveCfg = Debug|Win32
		{9EBB9569-049B-4F66-A885-4CE50649D7E9}.Debug|x86.Build.0 = Debug|Win32
		{9EBB9569-049B-4F66-A885-4CE50649D7E9}.Release|x64.ActiveCfg = Release|x64
		{9EBB9569-049B-4F66-A885-4CE50649D7E9}.Release|x64.Build.0 = Release|x64
		{9EBB9569-049B-4F66-A885-4CE50649D7E9}.Release|x86.ActiveCfg = Release|Win32
		{9EBB9569-049B-4F66-A885-4CE50649D7E9}.Release|x86.Build.0 = Release|Win32
		{2C9F713C-30D0-4D96-B594-F225CA12C989}.Debug|x64.ActiveCfg = Debug|x64
		{2C9F713C-30D0-4D96-B594-F225CA12C989}.Debug|x64.Build.0 = Debug|x64
		{2C9F713C-30D0-4D96-B594-F225CA12C989}.Debug|x86.ActiveCfg = Debug|Win32
		{2C9F713C-30D0-4D96-B594-F225CA12C989}.Debug|x86.Build.0 = Debug|Win32
		{2C9F713C-30D0-4D96-B594-F225CA12C989}.Release|x64.ActiveCfg = Release|x64
		{2C9F713C-30D0-4D96-B594-F225CA12C989}.Release|x64.Build.0 = Release|x64
		{2C9F713C-30D0-4D96-B594-F225CA12C989}.Release|x86.ActiveCfg = Release|Win32
		{2C9F713C-30D0-4D96-B594-F225CA12C989}.Release|x86.Build.0 = Release|Win32
		{97FC6AA7-A4DD-4743-BDAD-277E6CF37949}.Debug|x64.ActiveCfg = Debug|x64
		{97FC6AA7-A4DD-4743-BDAD-277E6CF37949}.Debug|x64.Build.0 = Debug|x64
		{97FC6AA7-A4DD-4743-BDAD-277E6CF37949}.Debug|x86.ActiveCfg = Debug|Win32
		{97FC6AA7-A4DD-4743-BDAD-277E6CF37949}.Debug|x86.Build.0 = Debug|Win32
		{97FC6AA7-A4DD-4743-BDAD-277E6CF37949}.Release|x64.ActiveCfg = Release|x64
		{97FC6AA7-A4DD-4743-BDAD-277E6CF37949}.Release|x64.Build.0 = Release|x64
		{97FC6AA7-A4DD-4743-BDAD-277E6CF37949}.Release|x86.ActiveCfg = Release|Win32
		{97FC6AA7-A4DD-4743-BDAD-277E6CF37949}.Release|x86.Build.0 = Release|Win32
		{B0F54F30-E448-44F0-BD4E-84B8C21A4D7F}.Debug|x64.ActiveCfg = Debug|x64
		{B0F54F30-E448-44F0-BD4E-84B8C21A4D7F}.Debug|x64.Build.0 = Debug|x64
		{B0F54F30-E448-44F0-BD4E-84B8C21A4D7F}.Debug|x86.ActiveCfg = Debug|Win32
		{B0F54F30-E448-44F0-BD4E-84B8C21A4D7F}.Debug|x86.Build.0 = Debug|Win32
		{B0F54F30-E448-44F0-BD4E-84B8C21A4D7F}.Release|x64.ActiveCfg = Release|x64
		{B0F54F30-E448-44F0-BD4E-84B8C21A4D7F}.Release|x64.Build.0 = Release|x64
		{B0F54F30-E448-44F0-BD4E-84B8C21A4D7F}.Release|x86.ActiveCfg = Release|Win32
		{B0F54F30-E448-44F0-BD4E-84B8C21A4D7F}.Release|x86.Build.0 = Release|Win32
		{34A66556-C810-4151-9CFE-568C3E95FA0E}.Debug|x64.ActiveCfg = Debug|x64
		{34A66556-C810-4151-9CFE-568C3E95FA0E}.Debug|x64.Build.0 = Debug|x64
		{34A66556-C810-4151-9CFE-568C3E95FA0E}.Debug|x86.ActiveCfg = Debug|Win32
		{34A66556-C810-4151-9CFE-568C3E95FA0E}.Debug|x86.Build.0 = Debug|Win32
		{34A66556-C810-4151-9CFE-568C3E95FA0E}.Release|x64.ActiveCfg = Release|x64
		{34A66556-C810-4151-9CFE-568C3E95FA0E}.Release|x64.Build.0 = Release|x64
		{34A66556-C810-4151-9CFE-568C3E95FA0E}.Release|x86.ActiveCfg = Release|Win32
		{34A66556-C810-4151-9CFE-568C3E95FA0E}.Release|x86.Build.0 = Release|Win32
		{3D043902-7D68-45C7-B2F1-4DDCA4D698C6}.Debug|x64.ActiveCfg = Debug|x64
		{3D043902-7D68-45C7-B2F1-4DDCA4D698C6}.Debug|x64.Build.0 = Debug|x64
		{3D043902-7D68-45C7-B2F1-4DDCA4D698C6}.Debug|x86.ActiveCfg = Debug|Win32
		{3D043902-7D68-45C7-B2F1-4DDCA4D698C6}.Debug|x86.Build.0 = Debug|Win32
		{3D043902-7D68-45C7-B2F1-4DDCA4D698C6}.Release|x64.ActiveCfg = Release|x64
		{3D043902-7D68-45C7-B2F1-4DDCA4D698C6}.Release|x64.Build.0 = Release|x64
		{3D043902-7D68-45C7-B2F1-4DDCA4D698C6}.Release|x86.ActiveCfg = Release|Win32
		{3D043902-7D68-45C7-B2F1-4DDCA4D698C6}.Release|x86.Build.0 = Release|Win32
		{7F1DC169-E714-4D23-8443-F819BA7BDECE}.Debug|x64.ActiveCfg = Debug|x64
		{7F1DC169-E714-4D23-8443-F819BA7BDECE}.Debug|x64.Build.0 = Debug|x64
		{7F1DC169-E714-4D23-8443-F819BA7BDECE}.Debug|x86.ActiveCfg = Debug|Win32
		{7F1DC169-E714-4D23-8443-F819BA7BDECE}.Debug|x86.Build.0 = Debug|Win32
		{7F1DC169-E714-4D23-8443-F819BA7BDECE}.Release|x64.ActiveCfg = Release|x64
		{7F1DC169-E714-4D23-8443-F819BA7BDECE}.Release|x64.Build.0 = Release|x64
		{7F1DC169-E714-4D23-8443-F819BA7BDECE}.Release|x86.ActiveCfg = Release|Win32
		{7F1DC169-E714-4D23-8443-F819BA7BDECE}.Release|x86.Build.0 = Release|Win32
		{D2E2FFA1-A16E-4885-8E2F-BC478C52FF6C}.Debug|x64.ActiveCfg = Debug|x64
		{D2E2FFA1-A16E-4885-8E2F-BC478C52FF6C}.Debug|x64.Build.0 = Debug|x64
		{D2E2FFA1-A16E-4885-8E2F-BC478C52FF6C}.Debug|x86.ActiveCfg = Debug|Win32
		{D2E2FFA1-A16E-4885-8E2F-BC478C52FF6C}.Debug|x86.Build.0 = Debug|Win32
		{D2E2FFA1-A16E-4885-8E2F-BC478C52FF6C}.Release|x64.ActiveCfg = Release|x64
		{D2E2FFA1-A16E-4885-8E2F-BC478C52FF6C}.Release|x64.Build.0 = Release|x64
		{D2E2FFA1-A16E-4885-8E2F-BC478C52FF6C}.Release|x86.ActiveCfg = Release|Win32
		{D2E2FFA1-A16E-4885-8E2F-BC478C52FF6C}.Release|x86.Build.0 = Release|Win32
	EndGlobalSection
	GlobalSection(SolutionProperties) = preSolution
		HideSolutionNode = FALSE
	EndGlobalSection
	GlobalSection(ExtensibilityGlobals) = postSolution
		SolutionGuid = {B3B700AB-A434-4D86-BF8A-05951F5DA04C}
	EndGlobalSection
EndGlobal
